
Microsoft Visual Studio Solution File, Format Version 12.00
# Visual Studio 2012
Project("{FAE04EC0-301F-11D3-BF4B-00C04F79EFBC}") = "DMCloud.CSharp.Master", "CloudKey.CSharp.Master\DMCloud.CSharp.Master.csproj", "{2B4B1093-93E1-4B84-878F-E7235841EDD2}"
EndProject
Project("{FAE04EC0-301F-11D3-BF4B-00C04F79EFBC}") = "CloudKey.CSharp.UnitTest", "CloudKey.CSharp.UnitTest\CloudKey.CSharp.UnitTest.csproj", "{BD4FCCDE-BEBA-4107-AD56-D34E68F87EB3}"
EndProject
Global
	GlobalSection(SolutionConfigurationPlatforms) = preSolution
		Debug|Any CPU = Debug|Any CPU
		Release|Any CPU = Release|Any CPU
	EndGlobalSection
	GlobalSection(ProjectConfigurationPlatforms) = postSolution
		{2B4B1093-93E1-4B84-878F-E7235841EDD2}.Debug|Any CPU.ActiveCfg = Debug|Any CPU
		{2B4B1093-93E1-4B84-878F-E7235841EDD2}.Debug|Any CPU.Build.0 = Debug|Any CPU
		{2B4B1093-93E1-4B84-878F-E7235841EDD2}.Release|Any CPU.ActiveCfg = Release|Any CPU
		{2B4B1093-93E1-4B84-878F-E7235841EDD2}.Release|Any CPU.Build.0 = Release|Any CPU
		{BD4FCCDE-BEBA-4107-AD56-D34E68F87EB3}.Debug|Any CPU.ActiveCfg = Debug|Any CPU
		{BD4FCCDE-BEBA-4107-AD56-D34E68F87EB3}.Debug|Any CPU.Build.0 = Debug|Any CPU
		{BD4FCCDE-BEBA-4107-AD56-D34E68F87EB3}.Release|Any CPU.ActiveCfg = Release|Any CPU
		{BD4FCCDE-BEBA-4107-AD56-D34E68F87EB3}.Release|Any CPU.Build.0 = Release|Any CPU
	EndGlobalSection
	GlobalSection(SolutionProperties) = preSolution
		HideSolutionNode = FALSE
	EndGlobalSection
EndGlobal
